
Microsoft Visual Studio Solution File, Format Version 12.00
# Visual Studio Version 16
VisualStudioVersion = 16.0.30717.126
MinimumVisualStudioVersion = 10.0.40219.1
Project("{9A19103F-16F7-4668-BE54-9A1E7A4F7556}") = "TestApplication.DataAccess", "TestApplication.DataAccess\TestApplication.DataAccess.csproj", "{08A13CD6-568A-499C-A3CE-2E6446B449A8}"
EndProject
Project("{9A19103F-16F7-4668-BE54-9A1E7A4F7556}") = "TestApplication.BusinessLayer", "TestApplication.BusinessLayer\TestApplication.BusinessLayer.csproj", "{67AD431B-142A-4D09-B0AF-39FAEE27A09B}"
EndProject
Project("{9A19103F-16F7-4668-BE54-9A1E7A4F7556}") = "TestApplication.Entities", "TestApplication.Entities\TestApplication.Entities.csproj", "{29D14FC0-9788-4643-8884-D8624D11BCE1}"
EndProject
Project("{9A19103F-16F7-4668-BE54-9A1E7A4F7556}") = "TestApplication.WebApp", "TestApplicaation.WebApp\TestApplication.WebApp.csproj", "{54134F75-691B-44E0-B2DD-C642AC0F8CED}"
EndProject
Project("{9A19103F-16F7-4668-BE54-9A1E7A4F7556}") = "TestApplication.Common", "TestApplication.Common\TestApplication.Common.csproj", "{63FCEA20-01AA-4264-BB84-EB11DD7375CA}"
EndProject
Global
	GlobalSection(SolutionConfigurationPlatforms) = preSolution
		Debug|Any CPU = Debug|Any CPU
		Release|Any CPU = Release|Any CPU
	EndGlobalSection
	GlobalSection(ProjectConfigurationPlatforms) = postSolution
		{08A13CD6-568A-499C-A3CE-2E6446B449A8}.Debug|Any CPU.ActiveCfg = Debug|Any CPU
		{08A13CD6-568A-499C-A3CE-2E6446B449A8}.Debug|Any CPU.Build.0 = Debug|Any CPU
		{08A13CD6-568A-499C-A3CE-2E6446B449A8}.Release|Any CPU.ActiveCfg = Release|Any CPU
		{08A13CD6-568A-499C-A3CE-2E6446B449A8}.Release|Any CPU.Build.0 = Release|Any CPU
		{67AD431B-142A-4D09-B0AF-39FAEE27A09B}.Debug|Any CPU.ActiveCfg = Debug|Any CPU
		{67AD431B-142A-4D09-B0AF-39FAEE27A09B}.Debug|Any CPU.Build.0 = Debug|Any CPU
		{67AD431B-142A-4D09-B0AF-39FAEE27A09B}.Release|Any CPU.ActiveCfg = Release|Any CPU
		{67AD431B-142A-4D09-B0AF-39FAEE27A09B}.Release|Any CPU.Build.0 = Release|Any CPU
		{29D14FC0-9788-4643-8884-D8624D11BCE1}.Debug|Any CPU.ActiveCfg = Debug|Any CPU
		{29D14FC0-9788-4643-8884-D8624D11BCE1}.Debug|Any CPU.Build.0 = Debug|Any CPU
		{29D14FC0-9788-4643-8884-D8624D11BCE1}.Release|Any CPU.ActiveCfg = Release|Any CPU
		{29D14FC0-9788-4643-8884-D8624D11BCE1}.Release|Any CPU.Build.0 = Release|Any CPU
		{54134F75-691B-44E0-B2DD-C642AC0F8CED}.Debug|Any CPU.ActiveCfg = Debug|Any CPU
		{54134F75-691B-44E0-B2DD-C642AC0F8CED}.Debug|Any CPU.Build.0 = Debug|Any CPU
		{54134F75-691B-44E0-B2DD-C642AC0F8CED}.Release|Any CPU.ActiveCfg = Release|Any CPU
		{54134F75-691B-44E0-B2DD-C642AC0F8CED}.Release|Any CPU.Build.0 = Release|Any CPU
		{63FCEA20-01AA-4264-BB84-EB11DD7375CA}.Debug|Any CPU.ActiveCfg = Debug|Any CPU
		{63FCEA20-01AA-4264-BB84-EB11DD7375CA}.Debug|Any CPU.Build.0 = Debug|Any CPU
		{63FCEA20-01AA-4264-BB84-EB11DD7375CA}.Release|Any CPU.ActiveCfg = Release|Any CPU
		{63FCEA20-01AA-4264-BB84-EB11DD7375CA}.Release|Any CPU.Build.0 = Release|Any CPU
	EndGlobalSection
	GlobalSection(SolutionProperties) = preSolution
		HideSolutionNode = FALSE
	EndGlobalSection
	GlobalSection(ExtensibilityGlobals) = postSolution
		SolutionGuid = {7F9E4A5F-5B34-45E5-8C1C-E4F2F43E5D6A}
	EndGlobalSection
EndGlobal
